{
  "requires": true,
  "lockfileVersion": 1,
  "dependencies": {
    "@fast-csv/format": {
      "version": "4.3.1",
      "resolved": "https://registry.npmjs.org/@fast-csv/format/-/format-4.3.1.tgz",
      "integrity": "sha512-Ap6KSt0iJlzrivZU4grQzDGGOQ+vN5kvUeOHLF1BE7nWri1auiodgS3SCffvLe1Zvu79tACe1tw3dyBADk1NsA==",
      "requires": {
        "lodash.escaperegexp": "^4.1.2",
        "lodash.isboolean": "^3.0.3",
        "lodash.isequal": "^4.5.0",
        "lodash.isfunction": "^3.0.9",
        "lodash.isnil": "^4.0.0"
      }
    },
    "@fast-csv/parse": {
      "version": "4.3.1",
      "resolved": "https://registry.npmjs.org/@fast-csv/parse/-/parse-4.3.1.tgz",
      "integrity": "sha512-C73N77St4IHfVmT8Z2mWvLfvLyHWHyvGZVSG5mbhGefkmg9JztoaYpelf8ciqv99JzZ1ModpfuMWLwKEDTRL9A==",
      "requires": {
        "lodash.escaperegexp": "^4.1.2",
        "lodash.groupby": "^4.6.0",
        "lodash.isfunction": "^3.0.9",
        "lodash.isnil": "^4.0.0",
        "lodash.isundefined": "^3.0.1",
        "lodash.uniq": "^4.5.0"
      }
    },
    "@types/node": {
      "version": "14.0.27",
      "resolved": "https://registry.npmjs.org/@types/node/-/node-14.0.27.tgz",
      "integrity": "sha512-kVrqXhbclHNHGu9ztnAwSncIgJv/FaxmzXJvGXNdcCpV1b8u1/Mi6z6m0vwy0LzKeXFTPLH0NzwmoJ3fNCIq0g=="
    },
    "bluebird": {
      "version": "3.7.2",
      "resolved": "https://registry.npmjs.org/bluebird/-/bluebird-3.7.2.tgz",
      "integrity": "sha512-XpNj6GDQzdfW+r2Wnn7xiSAd7TM3jzkxGXBGTtWKuSXv1xUV+azxAm8jdWZN06QTQk+2N2XB9jRDkvbmQmcRtg=="
    },
    "csv": {
      "version": "5.3.2",
      "resolved": "https://registry.npmjs.org/csv/-/csv-5.3.2.tgz",
      "integrity": "sha512-odDyucr9OgJTdGM2wrMbJXbOkJx3nnUX3Pt8SFOwlAMOpsUQlz1dywvLMXJWX/4Ib0rjfOsaawuuwfI5ucqBGQ==",
      "requires": {
        "csv-generate": "^3.2.4",
        "csv-parse": "^4.8.8",
        "csv-stringify": "^5.3.6",
        "stream-transform": "^2.0.1"
      }
    },
    "csv-generate": {
      "version": "3.2.4",
      "resolved": "https://registry.npmjs.org/csv-generate/-/csv-generate-3.2.4.tgz",
      "integrity": "sha512-qNM9eqlxd53TWJeGtY1IQPj90b563Zx49eZs8e0uMyEvPgvNVmX1uZDtdzAcflB3PniuH9creAzcFOdyJ9YGvA=="
    },
    "csv-parse": {
      "version": "4.12.0",
      "resolved": "https://registry.npmjs.org/csv-parse/-/csv-parse-4.12.0.tgz",
      "integrity": "sha512-wPQl3H79vWLPI8cgKFcQXl0NBgYYEqVnT1i6/So7OjMpsI540oD7p93r3w6fDSyPvwkTepG05F69/7AViX2lXg=="
    },
    "csv-stringify": {
      "version": "5.5.1",
      "resolved": "https://registry.npmjs.org/csv-stringify/-/csv-stringify-5.5.1.tgz",
      "integrity": "sha512-HM0/86Ks8OwFbaYLd495tqTs1NhscZL52dC4ieKYumy8+nawQYC0xZ63w1NqLf0M148T2YLYqowoImc1giPn0g=="
    },
    "csvtojson": {
      "version": "2.0.10",
      "resolved": "https://registry.npmjs.org/csvtojson/-/csvtojson-2.0.10.tgz",
      "integrity": "sha512-lUWFxGKyhraKCW8Qghz6Z0f2l/PqB1W3AO0HKJzGIQ5JRSlR651ekJDiGJbBT4sRNNv5ddnSGVEnsxP9XRCVpQ==",
      "requires": {
        "bluebird": "^3.5.1",
        "lodash": "^4.17.3",
        "strip-bom": "^2.0.0"
      }
    },
    "fast-csv": {
      "version": "4.3.1",
      "resolved": "https://registry.npmjs.org/fast-csv/-/fast-csv-4.3.1.tgz",
      "integrity": "sha512-hCvT77K9fEVvR9iKt8OsOwbci/r1BHn8qcVOghjnllkHaKkpzjrc96IcLHC/2jpuPcPrzXpshk/TOqaRQZK8bA==",
      "requires": {
        "@fast-csv/format": "4.3.1",
        "@fast-csv/parse": "4.3.1",
        "@types/node": "^14.0.1"
      }
    },
    "is-utf8": {
      "version": "0.2.1",
      "resolved": "https://registry.npmjs.org/is-utf8/-/is-utf8-0.2.1.tgz",
      "integrity": "sha1-Sw2hRCEE0bM2NA6AeX6GXPOffXI="
    },
    "jquery-csv": {
      "version": "1.0.11",
      "resolved": "https://registry.npmjs.org/jquery-csv/-/jquery-csv-1.0.11.tgz",
      "integrity": "sha512-KDPc3wFLTFO68p/4IqsODZCjBp+y9axDa/pr36pDKrWk6yyHf8Nk1FqAGXvaUb6H7J1zJSYszABIFj0a40QXRA=="
    },
    "lodash": {
      "version": "4.17.19",
      "resolved": "https://registry.npmjs.org/lodash/-/lodash-4.17.19.tgz",
      "integrity": "sha512-JNvd8XER9GQX0v2qJgsaN/mzFCNA5BRe/j8JN9d+tWyGLSodKQHKFicdwNYzWwI3wjRnaKPsGj1XkBjx/F96DQ=="
    },
    "lodash.escaperegexp": {
      "version": "4.1.2",
      "resolved": "https://registry.npmjs.org/lodash.escaperegexp/-/lodash.escaperegexp-4.1.2.tgz",
      "integrity": "sha1-ZHYsSGGAglGKw99Mz11YhtriA0c="
    },
    "lodash.groupby": {
      "version": "4.6.0",
      "resolved": "https://registry.npmjs.org/lodash.groupby/-/lodash.groupby-4.6.0.tgz",
      "integrity": "sha1-Cwih3PaDl8OXhVwyOXg4Mt90A9E="
    },
    "lodash.isboolean": {
      "version": "3.0.3",
      "resolved": "https://registry.npmjs.org/lodash.isboolean/-/lodash.isboolean-3.0.3.tgz",
      "integrity": "sha1-bC4XHbKiV82WgC/UOwGyDV9YcPY="
    },
    "lodash.isequal": {
      "version": "4.5.0",
      "resolved": "https://registry.npmjs.org/lodash.isequal/-/lodash.isequal-4.5.0.tgz",
      "integrity": "sha1-QVxEePK8wwEgwizhDtMib30+GOA="
    },
    "lodash.isfunction": {
      "version": "3.0.9",
      "resolved": "https://registry.npmjs.org/lodash.isfunction/-/lodash.isfunction-3.0.9.tgz",
      "integrity": "sha512-AirXNj15uRIMMPihnkInB4i3NHeb4iBtNg9WRWuK2o31S+ePwwNmDPaTL3o7dTJ+VXNZim7rFs4rxN4YU1oUJw=="
    },
    "lodash.isnil": {
      "version": "4.0.0",
      "resolved": "https://registry.npmjs.org/lodash.isnil/-/lodash.isnil-4.0.0.tgz",
      "integrity": "sha1-SeKM1VkBNFjIFMVHnTxmOiG/qmw="
    },
    "lodash.isundefined": {
      "version": "3.0.1",
      "resolved": "https://registry.npmjs.org/lodash.isundefined/-/lodash.isundefined-3.0.1.tgz",
      "integrity": "sha1-I+89lTVWUgOmbO/VuDD4SJEa+0g="
    },
    "lodash.uniq": {
      "version": "4.5.0",
      "resolved": "https://registry.npmjs.org/lodash.uniq/-/lodash.uniq-4.5.0.tgz",
      "integrity": "sha1-0CJTc662Uq3BvILklFM5qEJ1R3M="
    },
    "mixme": {
      "version": "0.3.5",
      "resolved": "https://registry.npmjs.org/mixme/-/mixme-0.3.5.tgz",
      "integrity": "sha512-SyV9uPETRig5ZmYev0ANfiGeB+g6N2EnqqEfBbCGmmJ6MgZ3E4qv5aPbnHVdZ60KAHHXV+T3sXopdrnIXQdmjQ=="
    },
    "nodeplotlib": {
      "version": "0.6.5",
      "resolved": "https://registry.npmjs.org/nodeplotlib/-/nodeplotlib-0.6.5.tgz",
      "integrity": "sha512-P2mk3QRjXox0Hr1nhMJwjW7Cp8GgZGBM3xIN6ytNoU8W5RJaUs0qgzilSPZjHJpm1R77oRRS+uJmh+1q0PMwIQ=="
    },
    "papaparse": {
      "version": "5.2.0",
      "resolved": "https://registry.npmjs.org/papaparse/-/papaparse-5.2.0.tgz",
      "integrity": "sha512-ylq1wgUSnagU+MKQtNeVqrPhZuMYBvOSL00DHycFTCxownF95gpLAk1HiHdUW77N8yxRq1qHXLdlIPyBSG9NSA=="
    },
    "stream-transform": {
      "version": "2.0.2",
      "resolved": "https://registry.npmjs.org/stream-transform/-/stream-transform-2.0.2.tgz",
      "integrity": "sha512-J+D5jWPF/1oX+r9ZaZvEXFbu7znjxSkbNAHJ9L44bt/tCVuOEWZlDqU9qJk7N2xBU1S+K2DPpSKeR/MucmCA1Q==",
      "requires": {
        "mixme": "^0.3.1"
      }
    },
    "strip-bom": {
      "version": "2.0.0",
      "resolved": "https://registry.npmjs.org/strip-bom/-/strip-bom-2.0.0.tgz",
      "integrity": "sha1-YhmoVhZSBJHzV4i9vxRHqZx+aw4=",
      "requires": {
        "is-utf8": "^0.2.0"
      }
    }
  }
}
